// !$*UTF8*$!
{
	archiveVersion = 1;
	classes = {
	};
	objectVersion = 56;
	objects = {

/* Begin PBXBuildFile section */
		20F67FFC2B9A3801000DE6FD /* BeatApp.swift in Sources */ = {isa = PBXBuildFile; fileRef = 20F67FFB2B9A3801000DE6FD /* BeatApp.swift */; };
		20F67FFE2B9A3801000DE6FD /* ContentView.swift in Sources */ = {isa = PBXBuildFile; fileRef = 20F67FFD2B9A3801000DE6FD /* ContentView.swift */; };
		20F680002B9A3802000DE6FD /* Assets.xcassets in Resources */ = {isa = PBXBuildFile; fileRef = 20F67FFF2B9A3802000DE6FD /* Assets.xcassets */; };
		20F680042B9A3802000DE6FD /* Preview Assets.xcassets in Resources */ = {isa = PBXBuildFile; fileRef = 20F680032B9A3802000DE6FD /* Preview Assets.xcassets */; };
		20F6800E2B9A3802000DE6FD /* BeatTests.swift in Sources */ = {isa = PBXBuildFile; fileRef = 20F6800D2B9A3802000DE6FD /* BeatTests.swift */; };
		20F680182B9A3802000DE6FD /* BeatUITests.swift in Sources */ = {isa = PBXBuildFile; fileRef = 20F680172B9A3802000DE6FD /* BeatUITests.swift */; };
		20F6801A2B9A3802000DE6FD /* BeatUITestsLaunchTests.swift in Sources */ = {isa = PBXBuildFile; fileRef = 20F680192B9A3802000DE6FD /* BeatUITestsLaunchTests.swift */; };
		20F6802B2B9A627F000DE6FD /* NetworkRequest.swift in Sources */ = {isa = PBXBuildFile; fileRef = 20F6802A2B9A627F000DE6FD /* NetworkRequest.swift */; };
		20F6802D2B9A6384000DE6FD /* NetworkClient.swift in Sources */ = {isa = PBXBuildFile; fileRef = 20F6802C2B9A6384000DE6FD /* NetworkClient.swift */; };
		20F6802F2B9A6449000DE6FD /* DataError.swift in Sources */ = {isa = PBXBuildFile; fileRef = 20F6802E2B9A6449000DE6FD /* DataError.swift */; };
		20F680322B9A6949000DE6FD /* AlbumsRepository.swift in Sources */ = {isa = PBXBuildFile; fileRef = 20F680312B9A6949000DE6FD /* AlbumsRepository.swift */; };
		20F680352B9A6986000DE6FD /* AlbumsDataSource.swift in Sources */ = {isa = PBXBuildFile; fileRef = 20F680342B9A6986000DE6FD /* AlbumsDataSource.swift */; };
		20F680382B9A6AE7000DE6FD /* AlbumSearchRequest.swift in Sources */ = {isa = PBXBuildFile; fileRef = 20F680372B9A6AE7000DE6FD /* AlbumSearchRequest.swift */; };
		20F6803B2B9A6D0E000DE6FD /* AlbumSearchResultsDTO.swift in Sources */ = {isa = PBXBuildFile; fileRef = 20F6803A2B9A6D0E000DE6FD /* AlbumSearchResultsDTO.swift */; };
		20F6803E2B9A746E000DE6FD /* ArtistsDTO.swift in Sources */ = {isa = PBXBuildFile; fileRef = 20F6803D2B9A746E000DE6FD /* ArtistsDTO.swift */; };
		20F680412B9A75CA000DE6FD /* GetTopAlbumsUseCase.swift in Sources */ = {isa = PBXBuildFile; fileRef = 20F680402B9A75CA000DE6FD /* GetTopAlbumsUseCase.swift */; };
		20F680442B9A76FD000DE6FD /* AlbumDTO.swift in Sources */ = {isa = PBXBuildFile; fileRef = 20F680432B9A76FD000DE6FD /* AlbumDTO.swift */; };
		20F680462B9A77DF000DE6FD /* Album.swift in Sources */ = {isa = PBXBuildFile; fileRef = 20F680452B9A77DF000DE6FD /* Album.swift */; };
		20F680482B9A7983000DE6FD /* Artist.swift in Sources */ = {isa = PBXBuildFile; fileRef = 20F680472B9A7983000DE6FD /* Artist.swift */; };
		20F6804A2B9A799C000DE6FD /* ImageSize.swift in Sources */ = {isa = PBXBuildFile; fileRef = 20F680492B9A799C000DE6FD /* ImageSize.swift */; };
		20F6804D2B9A7A62000DE6FD /* AlbumDTO+Domain.swift in Sources */ = {isa = PBXBuildFile; fileRef = 20F6804C2B9A7A62000DE6FD /* AlbumDTO+Domain.swift */; };
		20F6804F2B9A7B2E000DE6FD /* ArtistDTO+Domain.swift in Sources */ = {isa = PBXBuildFile; fileRef = 20F6804E2B9A7B2E000DE6FD /* ArtistDTO+Domain.swift */; };
		20F680532B9B329C000DE6FD /* TopAlbumsView.swift in Sources */ = {isa = PBXBuildFile; fileRef = 20F680522B9B329C000DE6FD /* TopAlbumsView.swift */; };
		3EE6674C2B9BAF22005CF471 /* TopAlbumsView+ViewModel.swift in Sources */ = {isa = PBXBuildFile; fileRef = 3EE6674B2B9BAF22005CF471 /* TopAlbumsView+ViewModel.swift */; };
		3EE6674E2B9BB20A005CF471 /* TopAlbumsViewFactory.swift in Sources */ = {isa = PBXBuildFile; fileRef = 3EE6674D2B9BB20A005CF471 /* TopAlbumsViewFactory.swift */; };
		3EE667512B9BB58E005CF471 /* AlbumDetailsView.swift in Sources */ = {isa = PBXBuildFile; fileRef = 3EE667502B9BB58E005CF471 /* AlbumDetailsView.swift */; };
		3EE667542B9BB5E1005CF471 /* Album+PreviewMock.swift in Sources */ = {isa = PBXBuildFile; fileRef = 3EE667532B9BB5E1005CF471 /* Album+PreviewMock.swift */; };
		3EE667562B9BBC9A005CF471 /* Artist+PreviewMock.swift in Sources */ = {isa = PBXBuildFile; fileRef = 3EE667552B9BBC9A005CF471 /* Artist+PreviewMock.swift */; };
		3EE667582B9BC7CA005CF471 /* AlbumDetailsRequest.swift in Sources */ = {isa = PBXBuildFile; fileRef = 3EE667572B9BC7CA005CF471 /* AlbumDetailsRequest.swift */; };
		3EE6675A2B9BC92D005CF471 /* TracksDTO.swift in Sources */ = {isa = PBXBuildFile; fileRef = 3EE667592B9BC92D005CF471 /* TracksDTO.swift */; };
		3EE6675C2B9BCBAD005CF471 /* GenresDTO.swift in Sources */ = {isa = PBXBuildFile; fileRef = 3EE6675B2B9BCBAD005CF471 /* GenresDTO.swift */; };
		3EE6675E2B9BCCFE005CF471 /* Track.swift in Sources */ = {isa = PBXBuildFile; fileRef = 3EE6675D2B9BCCFE005CF471 /* Track.swift */; };
		3EE667602B9BCD8B005CF471 /* Genre.swift in Sources */ = {isa = PBXBuildFile; fileRef = 3EE6675F2B9BCD8B005CF471 /* Genre.swift */; };
		3EE667622B9BCEE3005CF471 /* GenreDTO+Domain.swift in Sources */ = {isa = PBXBuildFile; fileRef = 3EE667612B9BCEE3005CF471 /* GenreDTO+Domain.swift */; };
		3EE667642B9BCF0C005CF471 /* TrackDTO+Domain.swift in Sources */ = {isa = PBXBuildFile; fileRef = 3EE667632B9BCF0C005CF471 /* TrackDTO+Domain.swift */; };
		3EE667662B9BD23A005CF471 /* Genre+PreviewMock.swift in Sources */ = {isa = PBXBuildFile; fileRef = 3EE667652B9BD23A005CF471 /* Genre+PreviewMock.swift */; };
		3EE667682B9BD2AC005CF471 /* Track+PreviewMock.swift in Sources */ = {isa = PBXBuildFile; fileRef = 3EE667672B9BD2AC005CF471 /* Track+PreviewMock.swift */; };
		3EE6676B2B9BD63C005CF471 /* Date+String.swift in Sources */ = {isa = PBXBuildFile; fileRef = 3EE6676A2B9BD63C005CF471 /* Date+String.swift */; };
		3EE6676D2B9BD647005CF471 /* String+Date.swift in Sources */ = {isa = PBXBuildFile; fileRef = 3EE6676C2B9BD647005CF471 /* String+Date.swift */; };
		3EE6676F2B9C6B3A005CF471 /* FormatStyle+TimerCountdownFormatStyle.swift in Sources */ = {isa = PBXBuildFile; fileRef = 3EE6676E2B9C6B3A005CF471 /* FormatStyle+TimerCountdownFormatStyle.swift */; };
		3EE667712B9C702B005CF471 /* TopAlbumsView+Router.swift in Sources */ = {isa = PBXBuildFile; fileRef = 3EE667702B9C702B005CF471 /* TopAlbumsView+Router.swift */; };
		3EE667742B9C910D005CF471 /* DomainError.swift in Sources */ = {isa = PBXBuildFile; fileRef = 3EE667732B9C910D005CF471 /* DomainError.swift */; };
		3EE667782B9CA3FA005CF471 /* AlbumDetailsView+ViewModel.swift in Sources */ = {isa = PBXBuildFile; fileRef = 3EE667772B9CA3FA005CF471 /* AlbumDetailsView+ViewModel.swift */; };
		3EE6677A2B9CA42D005CF471 /* GetAlbumDetailsUseCase.swift in Sources */ = {isa = PBXBuildFile; fileRef = 3EE667792B9CA42D005CF471 /* GetAlbumDetailsUseCase.swift */; };
/* End PBXBuildFile section */

/* Begin PBXContainerItemProxy section */
		20F6800A2B9A3802000DE6FD /* PBXContainerItemProxy */ = {
			isa = PBXContainerItemProxy;
			containerPortal = 20F67FF02B9A3801000DE6FD /* Project object */;
			proxyType = 1;
			remoteGlobalIDString = 20F67FF72B9A3801000DE6FD;
			remoteInfo = Beat;
		};
		20F680142B9A3802000DE6FD /* PBXContainerItemProxy */ = {
			isa = PBXContainerItemProxy;
			containerPortal = 20F67FF02B9A3801000DE6FD /* Project object */;
			proxyType = 1;
			remoteGlobalIDString = 20F67FF72B9A3801000DE6FD;
			remoteInfo = Beat;
		};
/* End PBXContainerItemProxy section */

/* Begin PBXFileReference section */
		20F67FF82B9A3801000DE6FD /* Beat.app */ = {isa = PBXFileReference; explicitFileType = wrapper.application; includeInIndex = 0; path = Beat.app; sourceTree = BUILT_PRODUCTS_DIR; };
		20F67FFB2B9A3801000DE6FD /* BeatApp.swift */ = {isa = PBXFileReference; lastKnownFileType = sourcecode.swift; path = BeatApp.swift; sourceTree = "<group>"; };
		20F67FFD2B9A3801000DE6FD /* ContentView.swift */ = {isa = PBXFileReference; lastKnownFileType = sourcecode.swift; path = ContentView.swift; sourceTree = "<group>"; };
		20F67FFF2B9A3802000DE6FD /* Assets.xcassets */ = {isa = PBXFileReference; lastKnownFileType = folder.assetcatalog; path = Assets.xcassets; sourceTree = "<group>"; };
		20F680012B9A3802000DE6FD /* Beat.entitlements */ = {isa = PBXFileReference; lastKnownFileType = text.plist.entitlements; path = Beat.entitlements; sourceTree = "<group>"; };
		20F680032B9A3802000DE6FD /* Preview Assets.xcassets */ = {isa = PBXFileReference; lastKnownFileType = folder.assetcatalog; path = "Preview Assets.xcassets"; sourceTree = "<group>"; };
		20F680092B9A3802000DE6FD /* BeatTests.xctest */ = {isa = PBXFileReference; explicitFileType = wrapper.cfbundle; includeInIndex = 0; path = BeatTests.xctest; sourceTree = BUILT_PRODUCTS_DIR; };
		20F6800D2B9A3802000DE6FD /* BeatTests.swift */ = {isa = PBXFileReference; lastKnownFileType = sourcecode.swift; path = BeatTests.swift; sourceTree = "<group>"; };
		20F680132B9A3802000DE6FD /* BeatUITests.xctest */ = {isa = PBXFileReference; explicitFileType = wrapper.cfbundle; includeInIndex = 0; path = BeatUITests.xctest; sourceTree = BUILT_PRODUCTS_DIR; };
		20F680172B9A3802000DE6FD /* BeatUITests.swift */ = {isa = PBXFileReference; lastKnownFileType = sourcecode.swift; path = BeatUITests.swift; sourceTree = "<group>"; };
		20F680192B9A3802000DE6FD /* BeatUITestsLaunchTests.swift */ = {isa = PBXFileReference; lastKnownFileType = sourcecode.swift; path = BeatUITestsLaunchTests.swift; sourceTree = "<group>"; };
		20F6802A2B9A627F000DE6FD /* NetworkRequest.swift */ = {isa = PBXFileReference; lastKnownFileType = sourcecode.swift; path = NetworkRequest.swift; sourceTree = "<group>"; };
		20F6802C2B9A6384000DE6FD /* NetworkClient.swift */ = {isa = PBXFileReference; lastKnownFileType = sourcecode.swift; path = NetworkClient.swift; sourceTree = "<group>"; };
		20F6802E2B9A6449000DE6FD /* DataError.swift */ = {isa = PBXFileReference; lastKnownFileType = sourcecode.swift; path = DataError.swift; sourceTree = "<group>"; };
		20F680312B9A6949000DE6FD /* AlbumsRepository.swift */ = {isa = PBXFileReference; lastKnownFileType = sourcecode.swift; path = AlbumsRepository.swift; sourceTree = "<group>"; };
		20F680342B9A6986000DE6FD /* AlbumsDataSource.swift */ = {isa = PBXFileReference; lastKnownFileType = sourcecode.swift; path = AlbumsDataSource.swift; sourceTree = "<group>"; };
		20F680372B9A6AE7000DE6FD /* AlbumSearchRequest.swift */ = {isa = PBXFileReference; lastKnownFileType = sourcecode.swift; path = AlbumSearchRequest.swift; sourceTree = "<group>"; };
		20F6803A2B9A6D0E000DE6FD /* AlbumSearchResultsDTO.swift */ = {isa = PBXFileReference; lastKnownFileType = sourcecode.swift; path = AlbumSearchResultsDTO.swift; sourceTree = "<group>"; };
		20F6803D2B9A746E000DE6FD /* ArtistsDTO.swift */ = {isa = PBXFileReference; lastKnownFileType = sourcecode.swift; path = ArtistsDTO.swift; sourceTree = "<group>"; };
		20F680402B9A75CA000DE6FD /* GetTopAlbumsUseCase.swift */ = {isa = PBXFileReference; lastKnownFileType = sourcecode.swift; path = GetTopAlbumsUseCase.swift; sourceTree = "<group>"; };
		20F680432B9A76FD000DE6FD /* AlbumDTO.swift */ = {isa = PBXFileReference; lastKnownFileType = sourcecode.swift; path = AlbumDTO.swift; sourceTree = "<group>"; };
		20F680452B9A77DF000DE6FD /* Album.swift */ = {isa = PBXFileReference; lastKnownFileType = sourcecode.swift; path = Album.swift; sourceTree = "<group>"; };
		20F680472B9A7983000DE6FD /* Artist.swift */ = {isa = PBXFileReference; lastKnownFileType = sourcecode.swift; path = Artist.swift; sourceTree = "<group>"; };
		20F680492B9A799C000DE6FD /* ImageSize.swift */ = {isa = PBXFileReference; lastKnownFileType = sourcecode.swift; path = ImageSize.swift; sourceTree = "<group>"; };
		20F6804C2B9A7A62000DE6FD /* AlbumDTO+Domain.swift */ = {isa = PBXFileReference; lastKnownFileType = sourcecode.swift; path = "AlbumDTO+Domain.swift"; sourceTree = "<group>"; };
		20F6804E2B9A7B2E000DE6FD /* ArtistDTO+Domain.swift */ = {isa = PBXFileReference; lastKnownFileType = sourcecode.swift; path = "ArtistDTO+Domain.swift"; sourceTree = "<group>"; };
		20F680522B9B329C000DE6FD /* TopAlbumsView.swift */ = {isa = PBXFileReference; lastKnownFileType = sourcecode.swift; path = TopAlbumsView.swift; sourceTree = "<group>"; };
		3EE6674B2B9BAF22005CF471 /* TopAlbumsView+ViewModel.swift */ = {isa = PBXFileReference; lastKnownFileType = sourcecode.swift; path = "TopAlbumsView+ViewModel.swift"; sourceTree = "<group>"; };
		3EE6674D2B9BB20A005CF471 /* TopAlbumsViewFactory.swift */ = {isa = PBXFileReference; lastKnownFileType = sourcecode.swift; path = TopAlbumsViewFactory.swift; sourceTree = "<group>"; };
		3EE667502B9BB58E005CF471 /* AlbumDetailsView.swift */ = {isa = PBXFileReference; lastKnownFileType = sourcecode.swift; path = AlbumDetailsView.swift; sourceTree = "<group>"; };
		3EE667532B9BB5E1005CF471 /* Album+PreviewMock.swift */ = {isa = PBXFileReference; lastKnownFileType = sourcecode.swift; path = "Album+PreviewMock.swift"; sourceTree = "<group>"; };
		3EE667552B9BBC9A005CF471 /* Artist+PreviewMock.swift */ = {isa = PBXFileReference; lastKnownFileType = sourcecode.swift; path = "Artist+PreviewMock.swift"; sourceTree = "<group>"; };
		3EE667572B9BC7CA005CF471 /* AlbumDetailsRequest.swift */ = {isa = PBXFileReference; lastKnownFileType = sourcecode.swift; path = AlbumDetailsRequest.swift; sourceTree = "<group>"; };
		3EE667592B9BC92D005CF471 /* TracksDTO.swift */ = {isa = PBXFileReference; lastKnownFileType = sourcecode.swift; path = TracksDTO.swift; sourceTree = "<group>"; };
		3EE6675B2B9BCBAD005CF471 /* GenresDTO.swift */ = {isa = PBXFileReference; lastKnownFileType = sourcecode.swift; path = GenresDTO.swift; sourceTree = "<group>"; };
		3EE6675D2B9BCCFE005CF471 /* Track.swift */ = {isa = PBXFileReference; lastKnownFileType = sourcecode.swift; path = Track.swift; sourceTree = "<group>"; };
		3EE6675F2B9BCD8B005CF471 /* Genre.swift */ = {isa = PBXFileReference; lastKnownFileType = sourcecode.swift; path = Genre.swift; sourceTree = "<group>"; };
		3EE667612B9BCEE3005CF471 /* GenreDTO+Domain.swift */ = {isa = PBXFileReference; lastKnownFileType = sourcecode.swift; path = "GenreDTO+Domain.swift"; sourceTree = "<group>"; };
		3EE667632B9BCF0C005CF471 /* TrackDTO+Domain.swift */ = {isa = PBXFileReference; lastKnownFileType = sourcecode.swift; path = "TrackDTO+Domain.swift"; sourceTree = "<group>"; };
		3EE667652B9BD23A005CF471 /* Genre+PreviewMock.swift */ = {isa = PBXFileReference; lastKnownFileType = sourcecode.swift; path = "Genre+PreviewMock.swift"; sourceTree = "<group>"; };
		3EE667672B9BD2AC005CF471 /* Track+PreviewMock.swift */ = {isa = PBXFileReference; lastKnownFileType = sourcecode.swift; path = "Track+PreviewMock.swift"; sourceTree = "<group>"; };
		3EE6676A2B9BD63C005CF471 /* Date+String.swift */ = {isa = PBXFileReference; lastKnownFileType = sourcecode.swift; path = "Date+String.swift"; sourceTree = "<group>"; };
		3EE6676C2B9BD647005CF471 /* String+Date.swift */ = {isa = PBXFileReference; lastKnownFileType = sourcecode.swift; path = "String+Date.swift"; sourceTree = "<group>"; };
		3EE6676E2B9C6B3A005CF471 /* FormatStyle+TimerCountdownFormatStyle.swift */ = {isa = PBXFileReference; lastKnownFileType = sourcecode.swift; path = "FormatStyle+TimerCountdownFormatStyle.swift"; sourceTree = "<group>"; };
		3EE667702B9C702B005CF471 /* TopAlbumsView+Router.swift */ = {isa = PBXFileReference; lastKnownFileType = sourcecode.swift; path = "TopAlbumsView+Router.swift"; sourceTree = "<group>"; };
		3EE667732B9C910D005CF471 /* DomainError.swift */ = {isa = PBXFileReference; lastKnownFileType = sourcecode.swift; path = DomainError.swift; sourceTree = "<group>"; };
		3EE667772B9CA3FA005CF471 /* AlbumDetailsView+ViewModel.swift */ = {isa = PBXFileReference; lastKnownFileType = sourcecode.swift; path = "AlbumDetailsView+ViewModel.swift"; sourceTree = "<group>"; };
		3EE667792B9CA42D005CF471 /* GetAlbumDetailsUseCase.swift */ = {isa = PBXFileReference; lastKnownFileType = sourcecode.swift; path = GetAlbumDetailsUseCase.swift; sourceTree = "<group>"; };
/* End PBXFileReference section */

/* Begin PBXFrameworksBuildPhase section */
		20F67FF52B9A3801000DE6FD /* Frameworks */ = {
			isa = PBXFrameworksBuildPhase;
			buildActionMask = 2147483647;
			files = (
			);
			runOnlyForDeploymentPostprocessing = 0;
		};
		20F680062B9A3802000DE6FD /* Frameworks */ = {
			isa = PBXFrameworksBuildPhase;
			buildActionMask = 2147483647;
			files = (
			);
			runOnlyForDeploymentPostprocessing = 0;
		};
		20F680102B9A3802000DE6FD /* Frameworks */ = {
			isa = PBXFrameworksBuildPhase;
			buildActionMask = 2147483647;
			files = (
			);
			runOnlyForDeploymentPostprocessing = 0;
		};
/* End PBXFrameworksBuildPhase section */

/* Begin PBXGroup section */
		20F67FEF2B9A3801000DE6FD = {
			isa = PBXGroup;
			children = (
				20F67FFA2B9A3801000DE6FD /* Beat */,
				20F6800C2B9A3802000DE6FD /* BeatTests */,
				20F680162B9A3802000DE6FD /* BeatUITests */,
				20F67FF92B9A3801000DE6FD /* Products */,
			);
			sourceTree = "<group>";
		};
		20F67FF92B9A3801000DE6FD /* Products */ = {
			isa = PBXGroup;
			children = (
				20F67FF82B9A3801000DE6FD /* Beat.app */,
				20F680092B9A3802000DE6FD /* BeatTests.xctest */,
				20F680132B9A3802000DE6FD /* BeatUITests.xctest */,
			);
			name = Products;
			sourceTree = "<group>";
		};
		20F67FFA2B9A3801000DE6FD /* Beat */ = {
			isa = PBXGroup;
			children = (
				20F680262B9A6234000DE6FD /* Clean */,
				20F67FFB2B9A3801000DE6FD /* BeatApp.swift */,
				20F67FFD2B9A3801000DE6FD /* ContentView.swift */,
				20F67FFF2B9A3802000DE6FD /* Assets.xcassets */,
				20F680012B9A3802000DE6FD /* Beat.entitlements */,
				20F680022B9A3802000DE6FD /* Preview Content */,
			);
			path = Beat;
			sourceTree = "<group>";
		};
		20F680022B9A3802000DE6FD /* Preview Content */ = {
			isa = PBXGroup;
			children = (
				20F680032B9A3802000DE6FD /* Preview Assets.xcassets */,
			);
			path = "Preview Content";
			sourceTree = "<group>";
		};
		20F6800C2B9A3802000DE6FD /* BeatTests */ = {
			isa = PBXGroup;
			children = (
				20F6800D2B9A3802000DE6FD /* BeatTests.swift */,
			);
			path = BeatTests;
			sourceTree = "<group>";
		};
		20F680162B9A3802000DE6FD /* BeatUITests */ = {
			isa = PBXGroup;
			children = (
				20F680172B9A3802000DE6FD /* BeatUITests.swift */,
				20F680192B9A3802000DE6FD /* BeatUITestsLaunchTests.swift */,
			);
			path = BeatUITests;
			sourceTree = "<group>";
		};
		20F680262B9A6234000DE6FD /* Clean */ = {
			isa = PBXGroup;
			children = (
				20F680272B9A6239000DE6FD /* Data */,
				20F6803F2B9A75A0000DE6FD /* Domain */,
				20F680502B9B3272000DE6FD /* Presentation */,
				3EE667692B9BD628005CF471 /* Tooling */,
			);
			path = Clean;
			sourceTree = "<group>";
		};
		20F680272B9A6239000DE6FD /* Data */ = {
			isa = PBXGroup;
			children = (
				20F6802E2B9A6449000DE6FD /* DataError.swift */,
				20F680282B9A6241000DE6FD /* DataSources */,
				20F680302B9A690E000DE6FD /* Repositories */,
			);
			path = Data;
			sourceTree = "<group>";
		};
		20F680282B9A6241000DE6FD /* DataSources */ = {
			isa = PBXGroup;
			children = (
				20F680332B9A6978000DE6FD /* Albums */,
				20F6803C2B9A7459000DE6FD /* Artists */,
				20F680292B9A624B000DE6FD /* NetworkTooling */,
			);
			path = DataSources;
			sourceTree = "<group>";
		};
		20F680292B9A624B000DE6FD /* NetworkTooling */ = {
			isa = PBXGroup;
			children = (
				20F6802A2B9A627F000DE6FD /* NetworkRequest.swift */,
				20F6802C2B9A6384000DE6FD /* NetworkClient.swift */,
			);
			path = NetworkTooling;
			sourceTree = "<group>";
		};
		20F680302B9A690E000DE6FD /* Repositories */ = {
			isa = PBXGroup;
			children = (
				20F6804B2B9A7A14000DE6FD /* Converters */,
				20F680312B9A6949000DE6FD /* AlbumsRepository.swift */,
			);
			path = Repositories;
			sourceTree = "<group>";
		};
		20F680332B9A6978000DE6FD /* Albums */ = {
			isa = PBXGroup;
			children = (
				20F680342B9A6986000DE6FD /* AlbumsDataSource.swift */,
				20F680392B9A6CF6000DE6FD /* DTOs */,
				20F680362B9A6AD8000DE6FD /* Requests */,
			);
			path = Albums;
			sourceTree = "<group>";
		};
		20F680362B9A6AD8000DE6FD /* Requests */ = {
			isa = PBXGroup;
			children = (
				20F680372B9A6AE7000DE6FD /* AlbumSearchRequest.swift */,
				3EE667572B9BC7CA005CF471 /* AlbumDetailsRequest.swift */,
			);
			path = Requests;
			sourceTree = "<group>";
		};
		20F680392B9A6CF6000DE6FD /* DTOs */ = {
			isa = PBXGroup;
			children = (
				20F680432B9A76FD000DE6FD /* AlbumDTO.swift */,
				20F6803A2B9A6D0E000DE6FD /* AlbumSearchResultsDTO.swift */,
				3EE6675B2B9BCBAD005CF471 /* GenresDTO.swift */,
				3EE667592B9BC92D005CF471 /* TracksDTO.swift */,
			);
			path = DTOs;
			sourceTree = "<group>";
		};
		20F6803C2B9A7459000DE6FD /* Artists */ = {
			isa = PBXGroup;
			children = (
				20F6803D2B9A746E000DE6FD /* ArtistsDTO.swift */,
			);
			path = Artists;
			sourceTree = "<group>";
		};
		20F6803F2B9A75A0000DE6FD /* Domain */ = {
			isa = PBXGroup;
			children = (
				3EE667792B9CA42D005CF471 /* GetAlbumDetailsUseCase.swift */,
				20F680402B9A75CA000DE6FD /* GetTopAlbumsUseCase.swift */,
				3EE667722B9C90FB005CF471 /* Errors */,
				20F680422B9A765D000DE6FD /* Models */,
			);
			path = Domain;
			sourceTree = "<group>";
		};
		20F680422B9A765D000DE6FD /* Models */ = {
			isa = PBXGroup;
			children = (
				20F680452B9A77DF000DE6FD /* Album.swift */,
				20F680472B9A7983000DE6FD /* Artist.swift */,
				3EE6675F2B9BCD8B005CF471 /* Genre.swift */,
				20F680492B9A799C000DE6FD /* ImageSize.swift */,
				3EE6675D2B9BCCFE005CF471 /* Track.swift */,
				3EE667522B9BB5CD005CF471 /* PreviewMocks */,
			);
			path = Models;
			sourceTree = "<group>";
		};
		20F6804B2B9A7A14000DE6FD /* Converters */ = {
			isa = PBXGroup;
			children = (
				20F6804C2B9A7A62000DE6FD /* AlbumDTO+Domain.swift */,
				20F6804E2B9A7B2E000DE6FD /* ArtistDTO+Domain.swift */,
				3EE667612B9BCEE3005CF471 /* GenreDTO+Domain.swift */,
				3EE667632B9BCF0C005CF471 /* TrackDTO+Domain.swift */,
			);
			path = Converters;
			sourceTree = "<group>";
		};
		20F680502B9B3272000DE6FD /* Presentation */ = {
			isa = PBXGroup;
			children = (
				3EE6674F2B9BB57D005CF471 /* AlbumDetails */,
				20F680512B9B327E000DE6FD /* TopAlbums */,
			);
			path = Presentation;
			sourceTree = "<group>";
		};
		20F680512B9B327E000DE6FD /* TopAlbums */ = {
			isa = PBXGroup;
			children = (
				20F680522B9B329C000DE6FD /* TopAlbumsView.swift */,
				3EE667702B9C702B005CF471 /* TopAlbumsView+Router.swift */,
				3EE6674B2B9BAF22005CF471 /* TopAlbumsView+ViewModel.swift */,
				3EE6674D2B9BB20A005CF471 /* TopAlbumsViewFactory.swift */,
			);
			path = TopAlbums;
			sourceTree = "<group>";
		};
		3EE6674F2B9BB57D005CF471 /* AlbumDetails */ = {
			isa = PBXGroup;
			children = (
				3EE667502B9BB58E005CF471 /* AlbumDetailsView.swift */,
				3EE667772B9CA3FA005CF471 /* AlbumDetailsView+ViewModel.swift */,
			);
			path = AlbumDetails;
			sourceTree = "<group>";
		};
		3EE667522B9BB5CD005CF471 /* PreviewMocks */ = {
			isa = PBXGroup;
			children = (
				3EE667532B9BB5E1005CF471 /* Album+PreviewMock.swift */,
				3EE667552B9BBC9A005CF471 /* Artist+PreviewMock.swift */,
				3EE667652B9BD23A005CF471 /* Genre+PreviewMock.swift */,
				3EE667672B9BD2AC005CF471 /* Track+PreviewMock.swift */,
			);
			path = PreviewMocks;
			sourceTree = "<group>";
		};
		3EE667692B9BD628005CF471 /* Tooling */ = {
			isa = PBXGroup;
			children = (
				3EE6676A2B9BD63C005CF471 /* Date+String.swift */,
				3EE6676C2B9BD647005CF471 /* String+Date.swift */,
				3EE6676E2B9C6B3A005CF471 /* FormatStyle+TimerCountdownFormatStyle.swift */,
			);
			path = Tooling;
			sourceTree = "<group>";
		};
		3EE667722B9C90FB005CF471 /* Errors */ = {
			isa = PBXGroup;
			children = (
				3EE667732B9C910D005CF471 /* DomainError.swift */,
			);
			path = Errors;
			sourceTree = "<group>";
		};
/* End PBXGroup section */

/* Begin PBXNativeTarget section */
		20F67FF72B9A3801000DE6FD /* Beat */ = {
			isa = PBXNativeTarget;
			buildConfigurationList = 20F6801D2B9A3802000DE6FD /* Build configuration list for PBXNativeTarget "Beat" */;
			buildPhases = (
				20F67FF42B9A3801000DE6FD /* Sources */,
				20F67FF52B9A3801000DE6FD /* Frameworks */,
				20F67FF62B9A3801000DE6FD /* Resources */,
			);
			buildRules = (
			);
			dependencies = (
			);
			name = Beat;
			productName = Beat;
			productReference = 20F67FF82B9A3801000DE6FD /* Beat.app */;
			productType = "com.apple.product-type.application";
		};
		20F680082B9A3802000DE6FD /* BeatTests */ = {
			isa = PBXNativeTarget;
			buildConfigurationList = 20F680202B9A3802000DE6FD /* Build configuration list for PBXNativeTarget "BeatTests" */;
			buildPhases = (
				20F680052B9A3802000DE6FD /* Sources */,
				20F680062B9A3802000DE6FD /* Frameworks */,
				20F680072B9A3802000DE6FD /* Resources */,
			);
			buildRules = (
			);
			dependencies = (
				20F6800B2B9A3802000DE6FD /* PBXTargetDependency */,
			);
			name = BeatTests;
			productName = BeatTests;
			productReference = 20F680092B9A3802000DE6FD /* BeatTests.xctest */;
			productType = "com.apple.product-type.bundle.unit-test";
		};
		20F680122B9A3802000DE6FD /* BeatUITests */ = {
			isa = PBXNativeTarget;
			buildConfigurationList = 20F680232B9A3802000DE6FD /* Build configuration list for PBXNativeTarget "BeatUITests" */;
			buildPhases = (
				20F6800F2B9A3802000DE6FD /* Sources */,
				20F680102B9A3802000DE6FD /* Frameworks */,
				20F680112B9A3802000DE6FD /* Resources */,
			);
			buildRules = (
			);
			dependencies = (
				20F680152B9A3802000DE6FD /* PBXTargetDependency */,
			);
			name = BeatUITests;
			productName = BeatUITests;
			productReference = 20F680132B9A3802000DE6FD /* BeatUITests.xctest */;
			productType = "com.apple.product-type.bundle.ui-testing";
		};
/* End PBXNativeTarget section */

/* Begin PBXProject section */
		20F67FF02B9A3801000DE6FD /* Project object */ = {
			isa = PBXProject;
			attributes = {
				BuildIndependentTargetsInParallel = 1;
				LastSwiftUpdateCheck = 1510;
				LastUpgradeCheck = 1510;
				TargetAttributes = {
					20F67FF72B9A3801000DE6FD = {
						CreatedOnToolsVersion = 15.1;
					};
					20F680082B9A3802000DE6FD = {
						CreatedOnToolsVersion = 15.1;
						TestTargetID = 20F67FF72B9A3801000DE6FD;
					};
					20F680122B9A3802000DE6FD = {
						CreatedOnToolsVersion = 15.1;
						TestTargetID = 20F67FF72B9A3801000DE6FD;
					};
				};
			};
			buildConfigurationList = 20F67FF32B9A3801000DE6FD /* Build configuration list for PBXProject "Beat" */;
			compatibilityVersion = "Xcode 14.0";
			developmentRegion = en;
			hasScannedForEncodings = 0;
			knownRegions = (
				en,
				Base,
			);
			mainGroup = 20F67FEF2B9A3801000DE6FD;
			productRefGroup = 20F67FF92B9A3801000DE6FD /* Products */;
			projectDirPath = "";
			projectRoot = "";
			targets = (
				20F67FF72B9A3801000DE6FD /* Beat */,
				20F680082B9A3802000DE6FD /* BeatTests */,
				20F680122B9A3802000DE6FD /* BeatUITests */,
			);
		};
/* End PBXProject section */

/* Begin PBXResourcesBuildPhase section */
		20F67FF62B9A3801000DE6FD /* Resources */ = {
			isa = PBXResourcesBuildPhase;
			buildActionMask = 2147483647;
			files = (
				20F680042B9A3802000DE6FD /* Preview Assets.xcassets in Resources */,
				20F680002B9A3802000DE6FD /* Assets.xcassets in Resources */,
			);
			runOnlyForDeploymentPostprocessing = 0;
		};
		20F680072B9A3802000DE6FD /* Resources */ = {
			isa = PBXResourcesBuildPhase;
			buildActionMask = 2147483647;
			files = (
			);
			runOnlyForDeploymentPostprocessing = 0;
		};
		20F680112B9A3802000DE6FD /* Resources */ = {
			isa = PBXResourcesBuildPhase;
			buildActionMask = 2147483647;
			files = (
			);
			runOnlyForDeploymentPostprocessing = 0;
		};
/* End PBXResourcesBuildPhase section */

/* Begin PBXSourcesBuildPhase section */
		20F67FF42B9A3801000DE6FD /* Sources */ = {
			isa = PBXSourcesBuildPhase;
			buildActionMask = 2147483647;
			files = (
				3EE667542B9BB5E1005CF471 /* Album+PreviewMock.swift in Sources */,
				3EE667642B9BCF0C005CF471 /* TrackDTO+Domain.swift in Sources */,
				20F680462B9A77DF000DE6FD /* Album.swift in Sources */,
				3EE667662B9BD23A005CF471 /* Genre+PreviewMock.swift in Sources */,
				20F6802F2B9A6449000DE6FD /* DataError.swift in Sources */,
				3EE6674C2B9BAF22005CF471 /* TopAlbumsView+ViewModel.swift in Sources */,
				3EE6674E2B9BB20A005CF471 /* TopAlbumsViewFactory.swift in Sources */,
				20F680412B9A75CA000DE6FD /* GetTopAlbumsUseCase.swift in Sources */,
				20F680322B9A6949000DE6FD /* AlbumsRepository.swift in Sources */,
				20F6804F2B9A7B2E000DE6FD /* ArtistDTO+Domain.swift in Sources */,
				20F6803B2B9A6D0E000DE6FD /* AlbumSearchResultsDTO.swift in Sources */,
				20F67FFE2B9A3801000DE6FD /* ContentView.swift in Sources */,
				3EE667742B9C910D005CF471 /* DomainError.swift in Sources */,
				20F680482B9A7983000DE6FD /* Artist.swift in Sources */,
				3EE667622B9BCEE3005CF471 /* GenreDTO+Domain.swift in Sources */,
				3EE6675C2B9BCBAD005CF471 /* GenresDTO.swift in Sources */,
				20F680442B9A76FD000DE6FD /* AlbumDTO.swift in Sources */,
				3EE667582B9BC7CA005CF471 /* AlbumDetailsRequest.swift in Sources */,
				20F680382B9A6AE7000DE6FD /* AlbumSearchRequest.swift in Sources */,
				20F680532B9B329C000DE6FD /* TopAlbumsView.swift in Sources */,
				3EE667712B9C702B005CF471 /* TopAlbumsView+Router.swift in Sources */,
				3EE6675A2B9BC92D005CF471 /* TracksDTO.swift in Sources */,
				3EE667782B9CA3FA005CF471 /* AlbumDetailsView+ViewModel.swift in Sources */,
				20F6802B2B9A627F000DE6FD /* NetworkRequest.swift in Sources */,
				20F6803E2B9A746E000DE6FD /* ArtistsDTO.swift in Sources */,
				3EE6676F2B9C6B3A005CF471 /* FormatStyle+TimerCountdownFormatStyle.swift in Sources */,
				20F6804D2B9A7A62000DE6FD /* AlbumDTO+Domain.swift in Sources */,
				20F67FFC2B9A3801000DE6FD /* BeatApp.swift in Sources */,
				20F6802D2B9A6384000DE6FD /* NetworkClient.swift in Sources */,
				3EE667512B9BB58E005CF471 /* AlbumDetailsView.swift in Sources */,
				3EE667562B9BBC9A005CF471 /* Artist+PreviewMock.swift in Sources */,
				3EE6675E2B9BCCFE005CF471 /* Track.swift in Sources */,
				3EE6676D2B9BD647005CF471 /* String+Date.swift in Sources */,
				20F6804A2B9A799C000DE6FD /* ImageSize.swift in Sources */,
				3EE6677A2B9CA42D005CF471 /* GetAlbumDetailsUseCase.swift in Sources */,
				3EE6676B2B9BD63C005CF471 /* Date+String.swift in Sources */,
				20F680352B9A6986000DE6FD /* AlbumsDataSource.swift in Sources */,
				3EE667682B9BD2AC005CF471 /* Track+PreviewMock.swift in Sources */,
				3EE667602B9BCD8B005CF471 /* Genre.swift in Sources */,
			);
			runOnlyForDeploymentPostprocessing = 0;
		};
		20F680052B9A3802000DE6FD /* Sources */ = {
			isa = PBXSourcesBuildPhase;
			buildActionMask = 2147483647;
			files = (
				20F6800E2B9A3802000DE6FD /* BeatTests.swift in Sources */,
			);
			runOnlyForDeploymentPostprocessing = 0;
		};
		20F6800F2B9A3802000DE6FD /* Sources */ = {
			isa = PBXSourcesBuildPhase;
			buildActionMask = 2147483647;
			files = (
				20F6801A2B9A3802000DE6FD /* BeatUITestsLaunchTests.swift in Sources */,
				20F680182B9A3802000DE6FD /* BeatUITests.swift in Sources */,
			);
			runOnlyForDeploymentPostprocessing = 0;
		};
/* End PBXSourcesBuildPhase section */

/* Begin PBXTargetDependency section */
		20F6800B2B9A3802000DE6FD /* PBXTargetDependency */ = {
			isa = PBXTargetDependency;
			target = 20F67FF72B9A3801000DE6FD /* Beat */;
			targetProxy = 20F6800A2B9A3802000DE6FD /* PBXContainerItemProxy */;
		};
		20F680152B9A3802000DE6FD /* PBXTargetDependency */ = {
			isa = PBXTargetDependency;
			target = 20F67FF72B9A3801000DE6FD /* Beat */;
			targetProxy = 20F680142B9A3802000DE6FD /* PBXContainerItemProxy */;
		};
/* End PBXTargetDependency section */

/* Begin XCBuildConfiguration section */
		20F6801B2B9A3802000DE6FD /* Debug */ = {
			isa = XCBuildConfiguration;
			buildSettings = {
				ALWAYS_SEARCH_USER_PATHS = NO;
				ASSETCATALOG_COMPILER_GENERATE_SWIFT_ASSET_SYMBOL_EXTENSIONS = YES;
				CLANG_ANALYZER_NONNULL = YES;
				CLANG_ANALYZER_NUMBER_OBJECT_CONVERSION = YES_AGGRESSIVE;
				CLANG_CXX_LANGUAGE_STANDARD = "gnu++20";
				CLANG_ENABLE_MODULES = YES;
				CLANG_ENABLE_OBJC_ARC = YES;
				CLANG_ENABLE_OBJC_WEAK = YES;
				CLANG_WARN_BLOCK_CAPTURE_AUTORELEASING = YES;
				CLANG_WARN_BOOL_CONVERSION = YES;
				CLANG_WARN_COMMA = YES;
				CLANG_WARN_CONSTANT_CONVERSION = YES;
				CLANG_WARN_DEPRECATED_OBJC_IMPLEMENTATIONS = YES;
				CLANG_WARN_DIRECT_OBJC_ISA_USAGE = YES_ERROR;
				CLANG_WARN_DOCUMENTATION_COMMENTS = YES;
				CLANG_WARN_EMPTY_BODY = YES;
				CLANG_WARN_ENUM_CONVERSION = YES;
				CLANG_WARN_INFINITE_RECURSION = YES;
				CLANG_WARN_INT_CONVERSION = YES;
				CLANG_WARN_NON_LITERAL_NULL_CONVERSION = YES;
				CLANG_WARN_OBJC_IMPLICIT_RETAIN_SELF = YES;
				CLANG_WARN_OBJC_LITERAL_CONVERSION = YES;
				CLANG_WARN_OBJC_ROOT_CLASS = YES_ERROR;
				CLANG_WARN_QUOTED_INCLUDE_IN_FRAMEWORK_HEADER = YES;
				CLANG_WARN_RANGE_LOOP_ANALYSIS = YES;
				CLANG_WARN_STRICT_PROTOTYPES = YES;
				CLANG_WARN_SUSPICIOUS_MOVE = YES;
				CLANG_WARN_UNGUARDED_AVAILABILITY = YES_AGGRESSIVE;
				CLANG_WARN_UNREACHABLE_CODE = YES;
				CLANG_WARN__DUPLICATE_METHOD_MATCH = YES;
				COPY_PHASE_STRIP = NO;
				DEBUG_INFORMATION_FORMAT = dwarf;
				ENABLE_STRICT_OBJC_MSGSEND = YES;
				ENABLE_TESTABILITY = YES;
				ENABLE_USER_SCRIPT_SANDBOXING = YES;
				GCC_C_LANGUAGE_STANDARD = gnu17;
				GCC_DYNAMIC_NO_PIC = NO;
				GCC_NO_COMMON_BLOCKS = YES;
				GCC_OPTIMIZATION_LEVEL = 0;
				GCC_PREPROCESSOR_DEFINITIONS = (
					"DEBUG=1",
					"$(inherited)",
				);
				GCC_WARN_64_TO_32_BIT_CONVERSION = YES;
				GCC_WARN_ABOUT_RETURN_TYPE = YES_ERROR;
				GCC_WARN_UNDECLARED_SELECTOR = YES;
				GCC_WARN_UNINITIALIZED_AUTOS = YES_AGGRESSIVE;
				GCC_WARN_UNUSED_FUNCTION = YES;
				GCC_WARN_UNUSED_VARIABLE = YES;
				LOCALIZATION_PREFERS_STRING_CATALOGS = YES;
				MTL_ENABLE_DEBUG_INFO = INCLUDE_SOURCE;
				MTL_FAST_MATH = YES;
				ONLY_ACTIVE_ARCH = YES;
				SWIFT_ACTIVE_COMPILATION_CONDITIONS = "DEBUG $(inherited)";
				SWIFT_OPTIMIZATION_LEVEL = "-Onone";
			};
			name = Debug;
		};
		20F6801C2B9A3802000DE6FD /* Release */ = {
			isa = XCBuildConfiguration;
			buildSettings = {
				ALWAYS_SEARCH_USER_PATHS = NO;
				ASSETCATALOG_COMPILER_GENERATE_SWIFT_ASSET_SYMBOL_EXTENSIONS = YES;
				CLANG_ANALYZER_NONNULL = YES;
				CLANG_ANALYZER_NUMBER_OBJECT_CONVERSION = YES_AGGRESSIVE;
				CLANG_CXX_LANGUAGE_STANDARD = "gnu++20";
				CLANG_ENABLE_MODULES = YES;
				CLANG_ENABLE_OBJC_ARC = YES;
				CLANG_ENABLE_OBJC_WEAK = YES;
				CLANG_WARN_BLOCK_CAPTURE_AUTORELEASING = YES;
				CLANG_WARN_BOOL_CONVERSION = YES;
				CLANG_WARN_COMMA = YES;
				CLANG_WARN_CONSTANT_CONVERSION = YES;
				CLANG_WARN_DEPRECATED_OBJC_IMPLEMENTATIONS = YES;
				CLANG_WARN_DIRECT_OBJC_ISA_USAGE = YES_ERROR;
				CLANG_WARN_DOCUMENTATION_COMMENTS = YES;
				CLANG_WARN_EMPTY_BODY = YES;
				CLANG_WARN_ENUM_CONVERSION = YES;
				CLANG_WARN_INFINITE_RECURSION = YES;
				CLANG_WARN_INT_CONVERSION = YES;
				CLANG_WARN_NON_LITERAL_NULL_CONVERSION = YES;
				CLANG_WARN_OBJC_IMPLICIT_RETAIN_SELF = YES;
				CLANG_WARN_OBJC_LITERAL_CONVERSION = YES;
				CLANG_WARN_OBJC_ROOT_CLASS = YES_ERROR;
				CLANG_WARN_QUOTED_INCLUDE_IN_FRAMEWORK_HEADER = YES;
				CLANG_WARN_RANGE_LOOP_ANALYSIS = YES;
				CLANG_WARN_STRICT_PROTOTYPES = YES;
				CLANG_WARN_SUSPICIOUS_MOVE = YES;
				CLANG_WARN_UNGUARDED_AVAILABILITY = YES_AGGRESSIVE;
				CLANG_WARN_UNREACHABLE_CODE = YES;
				CLANG_WARN__DUPLICATE_METHOD_MATCH = YES;
				COPY_PHASE_STRIP = NO;
				DEBUG_INFORMATION_FORMAT = "dwarf-with-dsym";
				ENABLE_NS_ASSERTIONS = NO;
				ENABLE_STRICT_OBJC_MSGSEND = YES;
				ENABLE_USER_SCRIPT_SANDBOXING = YES;
				GCC_C_LANGUAGE_STANDARD = gnu17;
				GCC_NO_COMMON_BLOCKS = YES;
				GCC_WARN_64_TO_32_BIT_CONVERSION = YES;
				GCC_WARN_ABOUT_RETURN_TYPE = YES_ERROR;
				GCC_WARN_UNDECLARED_SELECTOR = YES;
				GCC_WARN_UNINITIALIZED_AUTOS = YES_AGGRESSIVE;
				GCC_WARN_UNUSED_FUNCTION = YES;
				GCC_WARN_UNUSED_VARIABLE = YES;
				LOCALIZATION_PREFERS_STRING_CATALOGS = YES;
				MTL_ENABLE_DEBUG_INFO = NO;
				MTL_FAST_MATH = YES;
				SWIFT_COMPILATION_MODE = wholemodule;
			};
			name = Release;
		};
		20F6801E2B9A3802000DE6FD /* Debug */ = {
			isa = XCBuildConfiguration;
			buildSettings = {
				ASSETCATALOG_COMPILER_APPICON_NAME = AppIcon;
				ASSETCATALOG_COMPILER_GLOBAL_ACCENT_COLOR_NAME = AccentColor;
				CODE_SIGN_ENTITLEMENTS = Beat/Beat.entitlements;
				CODE_SIGN_STYLE = Automatic;
				CURRENT_PROJECT_VERSION = 1;
				DEVELOPMENT_ASSET_PATHS = "\"Beat/Preview Content\"";
				DEVELOPMENT_TEAM = 7388M238KP;
				ENABLE_HARDENED_RUNTIME = YES;
				ENABLE_PREVIEWS = YES;
				GENERATE_INFOPLIST_FILE = YES;
				"INFOPLIST_KEY_UIApplicationSceneManifest_Generation[sdk=iphoneos*]" = YES;
				"INFOPLIST_KEY_UIApplicationSceneManifest_Generation[sdk=iphonesimulator*]" = YES;
				"INFOPLIST_KEY_UIApplicationSupportsIndirectInputEvents[sdk=iphoneos*]" = YES;
				"INFOPLIST_KEY_UIApplicationSupportsIndirectInputEvents[sdk=iphonesimulator*]" = YES;
				"INFOPLIST_KEY_UILaunchScreen_Generation[sdk=iphoneos*]" = YES;
				"INFOPLIST_KEY_UILaunchScreen_Generation[sdk=iphonesimulator*]" = YES;
				"INFOPLIST_KEY_UIStatusBarStyle[sdk=iphoneos*]" = UIStatusBarStyleDefault;
				"INFOPLIST_KEY_UIStatusBarStyle[sdk=iphonesimulator*]" = UIStatusBarStyleDefault;
				INFOPLIST_KEY_UISupportedInterfaceOrientations_iPad = "UIInterfaceOrientationPortrait UIInterfaceOrientationPortraitUpsideDown UIInterfaceOrientationLandscapeLeft UIInterfaceOrientationLandscapeRight";
				INFOPLIST_KEY_UISupportedInterfaceOrientations_iPhone = "UIInterfaceOrientationPortrait UIInterfaceOrientationLandscapeLeft UIInterfaceOrientationLandscapeRight";
				IPHONEOS_DEPLOYMENT_TARGET = 17.2;
				LD_RUNPATH_SEARCH_PATHS = "@executable_path/Frameworks";
				"LD_RUNPATH_SEARCH_PATHS[sdk=macosx*]" = "@executable_path/../Frameworks";
				MACOSX_DEPLOYMENT_TARGET = 14.2;
				MARKETING_VERSION = 1.0;
				PRODUCT_BUNDLE_IDENTIFIER = com.ctr117.Beat;
				PRODUCT_NAME = "$(TARGET_NAME)";
				SDKROOT = auto;
				SUPPORTED_PLATFORMS = "iphoneos iphonesimulator macosx";
				SWIFT_EMIT_LOC_STRINGS = YES;
				SWIFT_VERSION = 5.0;
				TARGETED_DEVICE_FAMILY = "1,2";
			};
			name = Debug;
		};
		20F6801F2B9A3802000DE6FD /* Release */ = {
			isa = XCBuildConfiguration;
			buildSettings = {
				ASSETCATALOG_COMPILER_APPICON_NAME = AppIcon;
				ASSETCATALOG_COMPILER_GLOBAL_ACCENT_COLOR_NAME = AccentColor;
				CODE_SIGN_ENTITLEMENTS = Beat/Beat.entitlements;
				CODE_SIGN_STYLE = Automatic;
				CURRENT_PROJECT_VERSION = 1;
				DEVELOPMENT_ASSET_PATHS = "\"Beat/Preview Content\"";
				DEVELOPMENT_TEAM = 7388M238KP;
				ENABLE_HARDENED_RUNTIME = YES;
				ENABLE_PREVIEWS = YES;
				GENERATE_INFOPLIST_FILE = YES;
				"INFOPLIST_KEY_UIApplicationSceneManifest_Generation[sdk=iphoneos*]" = YES;
				"INFOPLIST_KEY_UIApplicationSceneManifest_Generation[sdk=iphonesimulator*]" = YES;
				"INFOPLIST_KEY_UIApplicationSupportsIndirectInputEvents[sdk=iphoneos*]" = YES;
				"INFOPLIST_KEY_UIApplicationSupportsIndirectInputEvents[sdk=iphonesimulator*]" = YES;
				"INFOPLIST_KEY_UILaunchScreen_Generation[sdk=iphoneos*]" = YES;
				"INFOPLIST_KEY_UILaunchScreen_Generation[sdk=iphonesimulator*]" = YES;
				"INFOPLIST_KEY_UIStatusBarStyle[sdk=iphoneos*]" = UIStatusBarStyleDefault;
				"INFOPLIST_KEY_UIStatusBarStyle[sdk=iphonesimulator*]" = UIStatusBarStyleDefault;
				INFOPLIST_KEY_UISupportedInterfaceOrientations_iPad = "UIInterfaceOrientationPortrait UIInterfaceOrientationPortraitUpsideDown UIInterfaceOrientationLandscapeLeft UIInterfaceOrientationLandscapeRight";
				INFOPLIST_KEY_UISupportedInterfaceOrientations_iPhone = "UIInterfaceOrientationPortrait UIInterfaceOrientationLandscapeLeft UIInterfaceOrientationLandscapeRight";
				IPHONEOS_DEPLOYMENT_TARGET = 17.2;
				LD_RUNPATH_SEARCH_PATHS = "@executable_path/Frameworks";
				"LD_RUNPATH_SEARCH_PATHS[sdk=macosx*]" = "@executable_path/../Frameworks";
				MACOSX_DEPLOYMENT_TARGET = 14.2;
				MARKETING_VERSION = 1.0;
				PRODUCT_BUNDLE_IDENTIFIER = com.ctr117.Beat;
				PRODUCT_NAME = "$(TARGET_NAME)";
				SDKROOT = auto;
				SUPPORTED_PLATFORMS = "iphoneos iphonesimulator macosx";
				SWIFT_EMIT_LOC_STRINGS = YES;
				SWIFT_VERSION = 5.0;
				TARGETED_DEVICE_FAMILY = "1,2";
			};
			name = Release;
		};
		20F680212B9A3802000DE6FD /* Debug */ = {
			isa = XCBuildConfiguration;
			buildSettings = {
				ALWAYS_EMBED_SWIFT_STANDARD_LIBRARIES = YES;
				BUNDLE_LOADER = "$(TEST_HOST)";
				CODE_SIGN_STYLE = Automatic;
				CURRENT_PROJECT_VERSION = 1;
				DEVELOPMENT_TEAM = 7388M238KP;
				GENERATE_INFOPLIST_FILE = YES;
				IPHONEOS_DEPLOYMENT_TARGET = 17.2;
				MACOSX_DEPLOYMENT_TARGET = 14.2;
				MARKETING_VERSION = 1.0;
				PRODUCT_BUNDLE_IDENTIFIER = com.ctr117.BeatTests;
				PRODUCT_NAME = "$(TARGET_NAME)";
				SDKROOT = auto;
				SUPPORTED_PLATFORMS = "iphoneos iphonesimulator macosx";
				SWIFT_EMIT_LOC_STRINGS = NO;
				SWIFT_VERSION = 5.0;
				TARGETED_DEVICE_FAMILY = "1,2";
				TEST_HOST = "$(BUILT_PRODUCTS_DIR)/Beat.app/$(BUNDLE_EXECUTABLE_FOLDER_PATH)/Beat";
			};
			name = Debug;
		};
		20F680222B9A3802000DE6FD /* Release */ = {
			isa = XCBuildConfiguration;
			buildSettings = {
				ALWAYS_EMBED_SWIFT_STANDARD_LIBRARIES = YES;
				BUNDLE_LOADER = "$(TEST_HOST)";
				CODE_SIGN_STYLE = Automatic;
				CURRENT_PROJECT_VERSION = 1;
				DEVELOPMENT_TEAM = 7388M238KP;
				GENERATE_INFOPLIST_FILE = YES;
				IPHONEOS_DEPLOYMENT_TARGET = 17.2;
				MACOSX_DEPLOYMENT_TARGET = 14.2;
				MARKETING_VERSION = 1.0;
				PRODUCT_BUNDLE_IDENTIFIER = com.ctr117.BeatTests;
				PRODUCT_NAME = "$(TARGET_NAME)";
				SDKROOT = auto;
				SUPPORTED_PLATFORMS = "iphoneos iphonesimulator macosx";
				SWIFT_EMIT_LOC_STRINGS = NO;
				SWIFT_VERSION = 5.0;
				TARGETED_DEVICE_FAMILY = "1,2";
				TEST_HOST = "$(BUILT_PRODUCTS_DIR)/Beat.app/$(BUNDLE_EXECUTABLE_FOLDER_PATH)/Beat";
			};
			name = Release;
		};
		20F680242B9A3802000DE6FD /* Debug */ = {
			isa = XCBuildConfiguration;
			buildSettings = {
				ALWAYS_EMBED_SWIFT_STANDARD_LIBRARIES = YES;
				CODE_SIGN_STYLE = Automatic;
				CURRENT_PROJECT_VERSION = 1;
				DEVELOPMENT_TEAM = 7388M238KP;
				GENERATE_INFOPLIST_FILE = YES;
				IPHONEOS_DEPLOYMENT_TARGET = 17.2;
				MACOSX_DEPLOYMENT_TARGET = 14.2;
				MARKETING_VERSION = 1.0;
				PRODUCT_BUNDLE_IDENTIFIER = com.ctr117.BeatUITests;
				PRODUCT_NAME = "$(TARGET_NAME)";
				SDKROOT = auto;
				SUPPORTED_PLATFORMS = "iphoneos iphonesimulator macosx";
				SWIFT_EMIT_LOC_STRINGS = NO;
				SWIFT_VERSION = 5.0;
				TARGETED_DEVICE_FAMILY = "1,2";
				TEST_TARGET_NAME = Beat;
			};
			name = Debug;
		};
		20F680252B9A3802000DE6FD /* Release */ = {
			isa = XCBuildConfiguration;
			buildSettings = {
				ALWAYS_EMBED_SWIFT_STANDARD_LIBRARIES = YES;
				CODE_SIGN_STYLE = Automatic;
				CURRENT_PROJECT_VERSION = 1;
				DEVELOPMENT_TEAM = 7388M238KP;
				GENERATE_INFOPLIST_FILE = YES;
				IPHONEOS_DEPLOYMENT_TARGET = 17.2;
				MACOSX_DEPLOYMENT_TARGET = 14.2;
				MARKETING_VERSION = 1.0;
				PRODUCT_BUNDLE_IDENTIFIER = com.ctr117.BeatUITests;
				PRODUCT_NAME = "$(TARGET_NAME)";
				SDKROOT = auto;
				SUPPORTED_PLATFORMS = "iphoneos iphonesimulator macosx";
				SWIFT_EMIT_LOC_STRINGS = NO;
				SWIFT_VERSION = 5.0;
				TARGETED_DEVICE_FAMILY = "1,2";
				TEST_TARGET_NAME = Beat;
			};
			name = Release;
		};
/* End XCBuildConfiguration section */

/* Begin XCConfigurationList section */
		20F67FF32B9A3801000DE6FD /* Build configuration list for PBXProject "Beat" */ = {
			isa = XCConfigurationList;
			buildConfigurations = (
				20F6801B2B9A3802000DE6FD /* Debug */,
				20F6801C2B9A3802000DE6FD /* Release */,
			);
			defaultConfigurationIsVisible = 0;
			defaultConfigurationName = Release;
		};
		20F6801D2B9A3802000DE6FD /* Build configuration list for PBXNativeTarget "Beat" */ = {
			isa = XCConfigurationList;
			buildConfigurations = (
				20F6801E2B9A3802000DE6FD /* Debug */,
				20F6801F2B9A3802000DE6FD /* Release */,
			);
			defaultConfigurationIsVisible = 0;
			defaultConfigurationName = Release;
		};
		20F680202B9A3802000DE6FD /* Build configuration list for PBXNativeTarget "BeatTests" */ = {
			isa = XCConfigurationList;
			buildConfigurations = (
				20F680212B9A3802000DE6FD /* Debug */,
				20F680222B9A3802000DE6FD /* Release */,
			);
			defaultConfigurationIsVisible = 0;
			defaultConfigurationName = Release;
		};
		20F680232B9A3802000DE6FD /* Build configuration list for PBXNativeTarget "BeatUITests" */ = {
			isa = XCConfigurationList;
			buildConfigurations = (
				20F680242B9A3802000DE6FD /* Debug */,
				20F680252B9A3802000DE6FD /* Release */,
			);
			defaultConfigurationIsVisible = 0;
			defaultConfigurationName = Release;
		};
/* End XCConfigurationList section */
	};
	rootObject = 20F67FF02B9A3801000DE6FD /* Project object */;
}
